
Microsoft Visual Studio Solution File, Format Version 12.00
# Visual Studio Version 16
VisualStudioVersion = 16.0.31624.102
MinimumVisualStudioVersion = 10.0.40219.1
Project("{FAE04EC0-301F-11D3-BF4B-00C04F79EFBC}") = "Practice", "Practice\Practice.csproj", "{48053009-DA1B-4888-A370-562A9B672BDF}"
EndProject
Global
	GlobalSection(SolutionConfigurationPlatforms) = preSolution
		Debug|Any CPU = Debug|Any CPU
		Release|Any CPU = Release|Any CPU
	EndGlobalSection
	GlobalSection(ProjectConfigurationPlatforms) = postSolution
		{48053009-DA1B-4888-A370-562A9B672BDF}.Debug|Any CPU.ActiveCfg = Debug|Any CPU
		{48053009-DA1B-4888-A370-562A9B672BDF}.Debug|Any CPU.Build.0 = Debug|Any CPU
		{48053009-DA1B-4888-A370-562A9B672BDF}.Release|Any CPU.ActiveCfg = Release|Any CPU
		{48053009-DA1B-4888-A370-562A9B672BDF}.Release|Any CPU.Build.0 = Release|Any CPU
	EndGlobalSection
	GlobalSection(SolutionProperties) = preSolution
		HideSolutionNode = FALSE
	EndGlobalSection
	GlobalSection(ExtensibilityGlobals) = postSolution
		SolutionGuid = {9CA38604-3243-409E-91B2-096D895135AE}
	EndGlobalSection
EndGlobal
