
Microsoft Visual Studio Solution File, Format Version 12.00
# Visual Studio Version 16
VisualStudioVersion = 16.0.31624.102
MinimumVisualStudioVersion = 10.0.40219.1
Project("{9A19103F-16F7-4668-BE54-9A1E7A4F7556}") = "Demo3", "Ex3\Demo3.csproj", "{8CDE3E80-6089-43A8-AD1D-6AE2981FCF72}"
EndProject
Project("{9A19103F-16F7-4668-BE54-9A1E7A4F7556}") = "Ex1", "..\Ex1\Ex1\Ex1.csproj", "{9387A16A-0266-44E6-AD00-922C21DFCF3C}"
EndProject
Project("{9A19103F-16F7-4668-BE54-9A1E7A4F7556}") = "Ex2", "..\Ex2\Ex2\Ex2.csproj", "{8D5AAD5C-574A-4AC5-8CC1-0D662CBDB482}"
EndProject
Global
	GlobalSection(SolutionConfigurationPlatforms) = preSolution
		Debug|Any CPU = Debug|Any CPU
		Release|Any CPU = Release|Any CPU
	EndGlobalSection
	GlobalSection(ProjectConfigurationPlatforms) = postSolution
		{8CDE3E80-6089-43A8-AD1D-6AE2981FCF72}.Debug|Any CPU.ActiveCfg = Debug|Any CPU
		{8CDE3E80-6089-43A8-AD1D-6AE2981FCF72}.Debug|Any CPU.Build.0 = Debug|Any CPU
		{8CDE3E80-6089-43A8-AD1D-6AE2981FCF72}.Release|Any CPU.ActiveCfg = Release|Any CPU
		{8CDE3E80-6089-43A8-AD1D-6AE2981FCF72}.Release|Any CPU.Build.0 = Release|Any CPU
		{9387A16A-0266-44E6-AD00-922C21DFCF3C}.Debug|Any CPU.ActiveCfg = Debug|Any CPU
		{9387A16A-0266-44E6-AD00-922C21DFCF3C}.Debug|Any CPU.Build.0 = Debug|Any CPU
		{9387A16A-0266-44E6-AD00-922C21DFCF3C}.Release|Any CPU.ActiveCfg = Release|Any CPU
		{9387A16A-0266-44E6-AD00-922C21DFCF3C}.Release|Any CPU.Build.0 = Release|Any CPU
		{8D5AAD5C-574A-4AC5-8CC1-0D662CBDB482}.Debug|Any CPU.ActiveCfg = Debug|Any CPU
		{8D5AAD5C-574A-4AC5-8CC1-0D662CBDB482}.Debug|Any CPU.Build.0 = Debug|Any CPU
		{8D5AAD5C-574A-4AC5-8CC1-0D662CBDB482}.Release|Any CPU.ActiveCfg = Release|Any CPU
		{8D5AAD5C-574A-4AC5-8CC1-0D662CBDB482}.Release|Any CPU.Build.0 = Release|Any CPU
	EndGlobalSection
	GlobalSection(SolutionProperties) = preSolution
		HideSolutionNode = FALSE
	EndGlobalSection
	GlobalSection(ExtensibilityGlobals) = postSolution
		SolutionGuid = {35C9D4A9-BAAF-46AF-850D-575BA4BD75FB}
	EndGlobalSection
EndGlobal
