
Microsoft Visual Studio Solution File, Format Version 12.00
# Visual Studio Version 16
VisualStudioVersion = 16.0.31624.102
MinimumVisualStudioVersion = 10.0.40219.1
Project("{FAE04EC0-301F-11D3-BF4B-00C04F79EFBC}") = "BabySit", "BabySit\BabySit.csproj", "{48E41FA0-62ED-490C-88BE-0C7D3E028BC9}"
EndProject
Global
	GlobalSection(SolutionConfigurationPlatforms) = preSolution
		Debug|Any CPU = Debug|Any CPU
		Release|Any CPU = Release|Any CPU
	EndGlobalSection
	GlobalSection(ProjectConfigurationPlatforms) = postSolution
		{48E41FA0-62ED-490C-88BE-0C7D3E028BC9}.Debug|Any CPU.ActiveCfg = Debug|Any CPU
		{48E41FA0-62ED-490C-88BE-0C7D3E028BC9}.Debug|Any CPU.Build.0 = Debug|Any CPU
		{48E41FA0-62ED-490C-88BE-0C7D3E028BC9}.Release|Any CPU.ActiveCfg = Release|Any CPU
		{48E41FA0-62ED-490C-88BE-0C7D3E028BC9}.Release|Any CPU.Build.0 = Release|Any CPU
	EndGlobalSection
	GlobalSection(SolutionProperties) = preSolution
		HideSolutionNode = FALSE
	EndGlobalSection
	GlobalSection(ExtensibilityGlobals) = postSolution
		SolutionGuid = {6BE4E19F-F399-47DC-9901-F61805C3D5D8}
	EndGlobalSection
EndGlobal
