
Microsoft Visual Studio Solution File, Format Version 12.00
# Visual Studio Version 16
VisualStudioVersion = 16.0.31624.102
MinimumVisualStudioVersion = 10.0.40219.1
Project("{FAE04EC0-301F-11D3-BF4B-00C04F79EFBC}") = "Ex1", "Ex1\Ex1.csproj", "{BDE8036B-6CF4-4124-9BF6-65DA0EAAFA8C}"
EndProject
Global
	GlobalSection(SolutionConfigurationPlatforms) = preSolution
		Debug|Any CPU = Debug|Any CPU
		Release|Any CPU = Release|Any CPU
	EndGlobalSection
	GlobalSection(ProjectConfigurationPlatforms) = postSolution
		{BDE8036B-6CF4-4124-9BF6-65DA0EAAFA8C}.Debug|Any CPU.ActiveCfg = Debug|Any CPU
		{BDE8036B-6CF4-4124-9BF6-65DA0EAAFA8C}.Debug|Any CPU.Build.0 = Debug|Any CPU
		{BDE8036B-6CF4-4124-9BF6-65DA0EAAFA8C}.Release|Any CPU.ActiveCfg = Release|Any CPU
		{BDE8036B-6CF4-4124-9BF6-65DA0EAAFA8C}.Release|Any CPU.Build.0 = Release|Any CPU
	EndGlobalSection
	GlobalSection(SolutionProperties) = preSolution
		HideSolutionNode = FALSE
	EndGlobalSection
	GlobalSection(ExtensibilityGlobals) = postSolution
		SolutionGuid = {88130353-B6F0-49BC-BDC1-7688A4B5D0B5}
	EndGlobalSection
EndGlobal
